
Microsoft Visual Studio Solution File, Format Version 12.00
Project("{FAE04EC0-301F-11D3-BF4B-00C04F79EFBC}") = "Pagamento.Api", "Pagamento.Api\Pagamento.Api.csproj", "{1C5B7BBA-EEC9-4363-BB0C-50D91B0BBB80}"
EndProject
Project("{2150E333-8FDC-42A3-9474-1A3956D46DE8}") = "src", "src", "{4027845D-60A9-4C94-947E-9E9716E889CB}"
EndProject
Project("{2150E333-8FDC-42A3-9474-1A3956D46DE8}") = "Adapters", "Adapters", "{CDC7CBA5-E18E-48B7-89C6-A75FCF366700}"
EndProject
Project("{FAE04EC0-301F-11D3-BF4B-00C04F79EFBC}") = "Pagamento.Adapters", "Pagamento.Adapters\Pagamento.Adapters.csproj", "{54844362-66B5-4C52-BA5D-FD37D0DD3ACB}"
EndProject
Project("{2150E333-8FDC-42A3-9474-1A3956D46DE8}") = "Application", "Application", "{1C82D65B-3EB2-4DFC-B6C4-FDF2484FEC42}"
EndProject
Project("{FAE04EC0-301F-11D3-BF4B-00C04F79EFBC}") = "Pagamento.Apps", "Pagamento.Apps\Pagamento.Apps.csproj", "{5377F390-DF2A-4025-A0A5-C13D67BA8BCC}"
EndProject
Project("{2150E333-8FDC-42A3-9474-1A3956D46DE8}") = "Domain", "Domain", "{AF2D10BB-ABF1-4FEE-9C1B-A88059D68CEB}"
EndProject
Project("{FAE04EC0-301F-11D3-BF4B-00C04F79EFBC}") = "Pagamento.Domain", "Pagamento.Domain\Pagamento.Domain.csproj", "{F1299012-1A08-47CA-932F-46E59C99A5CA}"
EndProject
Project("{2150E333-8FDC-42A3-9474-1A3956D46DE8}") = "FrameworksAndDrivers", "FrameworksAndDrivers", "{0756B6D5-97EE-45BB-A823-544A356B0F8A}"
EndProject
Project("{FAE04EC0-301F-11D3-BF4B-00C04F79EFBC}") = "Pagamento.Infrastructure", "Pagamento.Infrastructure\Pagamento.Infrastructure.csproj", "{52D1AA7E-25E2-4E94-B672-38048C4B45C5}"
EndProject
Global
	GlobalSection(SolutionConfigurationPlatforms) = preSolution
		Debug|Any CPU = Debug|Any CPU
		Release|Any CPU = Release|Any CPU
	EndGlobalSection
	GlobalSection(ProjectConfigurationPlatforms) = postSolution
		{1C5B7BBA-EEC9-4363-BB0C-50D91B0BBB80}.Debug|Any CPU.ActiveCfg = Debug|Any CPU
		{1C5B7BBA-EEC9-4363-BB0C-50D91B0BBB80}.Debug|Any CPU.Build.0 = Debug|Any CPU
		{1C5B7BBA-EEC9-4363-BB0C-50D91B0BBB80}.Release|Any CPU.ActiveCfg = Release|Any CPU
		{1C5B7BBA-EEC9-4363-BB0C-50D91B0BBB80}.Release|Any CPU.Build.0 = Release|Any CPU
		{54844362-66B5-4C52-BA5D-FD37D0DD3ACB}.Debug|Any CPU.ActiveCfg = Debug|Any CPU
		{54844362-66B5-4C52-BA5D-FD37D0DD3ACB}.Debug|Any CPU.Build.0 = Debug|Any CPU
		{54844362-66B5-4C52-BA5D-FD37D0DD3ACB}.Release|Any CPU.ActiveCfg = Release|Any CPU
		{54844362-66B5-4C52-BA5D-FD37D0DD3ACB}.Release|Any CPU.Build.0 = Release|Any CPU
		{5377F390-DF2A-4025-A0A5-C13D67BA8BCC}.Debug|Any CPU.ActiveCfg = Debug|Any CPU
		{5377F390-DF2A-4025-A0A5-C13D67BA8BCC}.Debug|Any CPU.Build.0 = Debug|Any CPU
		{5377F390-DF2A-4025-A0A5-C13D67BA8BCC}.Release|Any CPU.ActiveCfg = Release|Any CPU
		{5377F390-DF2A-4025-A0A5-C13D67BA8BCC}.Release|Any CPU.Build.0 = Release|Any CPU
		{F1299012-1A08-47CA-932F-46E59C99A5CA}.Debug|Any CPU.ActiveCfg = Debug|Any CPU
		{F1299012-1A08-47CA-932F-46E59C99A5CA}.Debug|Any CPU.Build.0 = Debug|Any CPU
		{F1299012-1A08-47CA-932F-46E59C99A5CA}.Release|Any CPU.ActiveCfg = Release|Any CPU
		{F1299012-1A08-47CA-932F-46E59C99A5CA}.Release|Any CPU.Build.0 = Release|Any CPU
		{52D1AA7E-25E2-4E94-B672-38048C4B45C5}.Debug|Any CPU.ActiveCfg = Debug|Any CPU
		{52D1AA7E-25E2-4E94-B672-38048C4B45C5}.Debug|Any CPU.Build.0 = Debug|Any CPU
		{52D1AA7E-25E2-4E94-B672-38048C4B45C5}.Release|Any CPU.ActiveCfg = Release|Any CPU
		{52D1AA7E-25E2-4E94-B672-38048C4B45C5}.Release|Any CPU.Build.0 = Release|Any CPU
	EndGlobalSection
	GlobalSection(NestedProjects) = preSolution
		{CDC7CBA5-E18E-48B7-89C6-A75FCF366700} = {4027845D-60A9-4C94-947E-9E9716E889CB}
		{54844362-66B5-4C52-BA5D-FD37D0DD3ACB} = {CDC7CBA5-E18E-48B7-89C6-A75FCF366700}
		{1C82D65B-3EB2-4DFC-B6C4-FDF2484FEC42} = {4027845D-60A9-4C94-947E-9E9716E889CB}
		{5377F390-DF2A-4025-A0A5-C13D67BA8BCC} = {1C82D65B-3EB2-4DFC-B6C4-FDF2484FEC42}
		{AF2D10BB-ABF1-4FEE-9C1B-A88059D68CEB} = {4027845D-60A9-4C94-947E-9E9716E889CB}
		{F1299012-1A08-47CA-932F-46E59C99A5CA} = {AF2D10BB-ABF1-4FEE-9C1B-A88059D68CEB}
		{0756B6D5-97EE-45BB-A823-544A356B0F8A} = {4027845D-60A9-4C94-947E-9E9716E889CB}
		{1C5B7BBA-EEC9-4363-BB0C-50D91B0BBB80} = {0756B6D5-97EE-45BB-A823-544A356B0F8A}
		{52D1AA7E-25E2-4E94-B672-38048C4B45C5} = {0756B6D5-97EE-45BB-A823-544A356B0F8A}
	EndGlobalSection
EndGlobal
