
Microsoft Visual Studio Solution File, Format Version 12.00
# Visual Studio Version 17
VisualStudioVersion = 17.12.35527.113
MinimumVisualStudioVersion = 10.0.40219.1
Project("{2150E333-8FDC-42A3-9474-1A3956D46DE8}") = "src", "src", "{4027845D-60A9-4C94-947E-9E9716E889CB}"
EndProject
Project("{2150E333-8FDC-42A3-9474-1A3956D46DE8}") = "Adapters", "Adapters", "{CDC7CBA5-E18E-48B7-89C6-A75FCF366700}"
EndProject
Project("{2150E333-8FDC-42A3-9474-1A3956D46DE8}") = "Application", "Application", "{1C82D65B-3EB2-4DFC-B6C4-FDF2484FEC42}"
EndProject
Project("{2150E333-8FDC-42A3-9474-1A3956D46DE8}") = "Domain", "Domain", "{AF2D10BB-ABF1-4FEE-9C1B-A88059D68CEB}"
EndProject
Project("{2150E333-8FDC-42A3-9474-1A3956D46DE8}") = "FrameworksAndDrivers", "FrameworksAndDrivers", "{0756B6D5-97EE-45BB-A823-544A356B0F8A}"
EndProject
Project("{FAE04EC0-301F-11D3-BF4B-00C04F79EFBC}") = "Pagamentos.Adapters", "src\Pagamentos.Adapters\Pagamentos.Adapters.csproj", "{6C63C3C5-6F02-477D-AA39-2D387BB88544}"
EndProject
Project("{FAE04EC0-301F-11D3-BF4B-00C04F79EFBC}") = "Pagamentos.Apps", "src\Pagamentos.Apps\Pagamentos.Apps.csproj", "{B6EE96D4-754E-434F-821E-D43E66ED86CC}"
EndProject
Project("{FAE04EC0-301F-11D3-BF4B-00C04F79EFBC}") = "Pagamentos.Domain", "src\Pagamentos.Domain\Pagamentos.Domain.csproj", "{BD9449F7-3A6D-4C77-A910-3A94D7DF8168}"
EndProject
Project("{FAE04EC0-301F-11D3-BF4B-00C04F79EFBC}") = "Pagamentos.Api", "src\Pagamentos.Api\Pagamentos.Api.csproj", "{75D080EA-E32D-42A5-861A-E1436E234D98}"
EndProject
Project("{2150E333-8FDC-42A3-9474-1A3956D46DE8}") = "test", "test", "{459565C5-1610-4FF0-A09F-177A112EAEBB}"
EndProject
Project("{FAE04EC0-301F-11D3-BF4B-00C04F79EFBC}") = "Pagamentos.Tests", "test\Pagamentos.Tests\Pagamentos.Tests.csproj", "{EBCBF025-00D8-4552-930C-A73507554CDE}"
EndProject
Project("{FAE04EC0-301F-11D3-BF4B-00C04F79EFBC}") = "Pagamentos.Infrastructure", "src\Pagamentos.Infrastructure\Pagamentos.Infrastructure.csproj", "{76726597-A299-443A-818F-8BB54FF5627D}"
EndProject
Global
	GlobalSection(SolutionConfigurationPlatforms) = preSolution
		Debug|Any CPU = Debug|Any CPU
		Release|Any CPU = Release|Any CPU
	EndGlobalSection
	GlobalSection(ProjectConfigurationPlatforms) = postSolution
		{6C63C3C5-6F02-477D-AA39-2D387BB88544}.Debug|Any CPU.ActiveCfg = Debug|Any CPU
		{6C63C3C5-6F02-477D-AA39-2D387BB88544}.Debug|Any CPU.Build.0 = Debug|Any CPU
		{6C63C3C5-6F02-477D-AA39-2D387BB88544}.Release|Any CPU.ActiveCfg = Release|Any CPU
		{6C63C3C5-6F02-477D-AA39-2D387BB88544}.Release|Any CPU.Build.0 = Release|Any CPU
		{B6EE96D4-754E-434F-821E-D43E66ED86CC}.Debug|Any CPU.ActiveCfg = Debug|Any CPU
		{B6EE96D4-754E-434F-821E-D43E66ED86CC}.Debug|Any CPU.Build.0 = Debug|Any CPU
		{B6EE96D4-754E-434F-821E-D43E66ED86CC}.Release|Any CPU.ActiveCfg = Release|Any CPU
		{B6EE96D4-754E-434F-821E-D43E66ED86CC}.Release|Any CPU.Build.0 = Release|Any CPU
		{BD9449F7-3A6D-4C77-A910-3A94D7DF8168}.Debug|Any CPU.ActiveCfg = Debug|Any CPU
		{BD9449F7-3A6D-4C77-A910-3A94D7DF8168}.Debug|Any CPU.Build.0 = Debug|Any CPU
		{BD9449F7-3A6D-4C77-A910-3A94D7DF8168}.Release|Any CPU.ActiveCfg = Release|Any CPU
		{BD9449F7-3A6D-4C77-A910-3A94D7DF8168}.Release|Any CPU.Build.0 = Release|Any CPU
		{75D080EA-E32D-42A5-861A-E1436E234D98}.Debug|Any CPU.ActiveCfg = Debug|Any CPU
		{75D080EA-E32D-42A5-861A-E1436E234D98}.Debug|Any CPU.Build.0 = Debug|Any CPU
		{75D080EA-E32D-42A5-861A-E1436E234D98}.Release|Any CPU.ActiveCfg = Release|Any CPU
		{75D080EA-E32D-42A5-861A-E1436E234D98}.Release|Any CPU.Build.0 = Release|Any CPU
		{EBCBF025-00D8-4552-930C-A73507554CDE}.Debug|Any CPU.ActiveCfg = Debug|Any CPU
		{EBCBF025-00D8-4552-930C-A73507554CDE}.Debug|Any CPU.Build.0 = Debug|Any CPU
		{EBCBF025-00D8-4552-930C-A73507554CDE}.Release|Any CPU.ActiveCfg = Release|Any CPU
		{EBCBF025-00D8-4552-930C-A73507554CDE}.Release|Any CPU.Build.0 = Release|Any CPU
		{76726597-A299-443A-818F-8BB54FF5627D}.Debug|Any CPU.ActiveCfg = Debug|Any CPU
		{76726597-A299-443A-818F-8BB54FF5627D}.Debug|Any CPU.Build.0 = Debug|Any CPU
		{76726597-A299-443A-818F-8BB54FF5627D}.Release|Any CPU.ActiveCfg = Release|Any CPU
		{76726597-A299-443A-818F-8BB54FF5627D}.Release|Any CPU.Build.0 = Release|Any CPU
	EndGlobalSection
	GlobalSection(SolutionProperties) = preSolution
		HideSolutionNode = FALSE
	EndGlobalSection
	GlobalSection(NestedProjects) = preSolution
		{CDC7CBA5-E18E-48B7-89C6-A75FCF366700} = {4027845D-60A9-4C94-947E-9E9716E889CB}
		{1C82D65B-3EB2-4DFC-B6C4-FDF2484FEC42} = {4027845D-60A9-4C94-947E-9E9716E889CB}
		{AF2D10BB-ABF1-4FEE-9C1B-A88059D68CEB} = {4027845D-60A9-4C94-947E-9E9716E889CB}
		{0756B6D5-97EE-45BB-A823-544A356B0F8A} = {4027845D-60A9-4C94-947E-9E9716E889CB}
		{6C63C3C5-6F02-477D-AA39-2D387BB88544} = {CDC7CBA5-E18E-48B7-89C6-A75FCF366700}
		{B6EE96D4-754E-434F-821E-D43E66ED86CC} = {1C82D65B-3EB2-4DFC-B6C4-FDF2484FEC42}
		{BD9449F7-3A6D-4C77-A910-3A94D7DF8168} = {AF2D10BB-ABF1-4FEE-9C1B-A88059D68CEB}
		{75D080EA-E32D-42A5-861A-E1436E234D98} = {0756B6D5-97EE-45BB-A823-544A356B0F8A}
		{EBCBF025-00D8-4552-930C-A73507554CDE} = {459565C5-1610-4FF0-A09F-177A112EAEBB}
		{76726597-A299-443A-818F-8BB54FF5627D} = {0756B6D5-97EE-45BB-A823-544A356B0F8A}
	EndGlobalSection
EndGlobal
